// !$*UTF8*$!
{
	archiveVersion = 1;
	classes = {
	};
	objectVersion = 50;
	objects = {

/* Begin PBXBuildFile section */
		C5DA3BA9263101C700751B4C /* AppDelegate.swift in Sources */ = {isa = PBXBuildFile; fileRef = C5DA3BA8263101C700751B4C /* AppDelegate.swift */; };
		C5DA3BAD263101C700751B4C /* ViewController.swift in Sources */ = {isa = PBXBuildFile; fileRef = C5DA3BAC263101C700751B4C /* ViewController.swift */; };
		C5DA3BB0263101C700751B4C /* Main.storyboard in Resources */ = {isa = PBXBuildFile; fileRef = C5DA3BAE263101C700751B4C /* Main.storyboard */; };
		C5DA3BB2263101C800751B4C /* Assets.xcassets in Resources */ = {isa = PBXBuildFile; fileRef = C5DA3BB1263101C800751B4C /* Assets.xcassets */; };
		C5DA3BB5263101C800751B4C /* LaunchScreen.storyboard in Resources */ = {isa = PBXBuildFile; fileRef = C5DA3BB3263101C800751B4C /* LaunchScreen.storyboard */; };
		C5DA3BC0263101C800751B4C /* CoraTechnicalValidationTests.swift in Sources */ = {isa = PBXBuildFile; fileRef = C5DA3BBF263101C800751B4C /* CoraTechnicalValidationTests.swift */; };
		C5DA3BCB263101C800751B4C /* CoraTechnicalValidationUITests.swift in Sources */ = {isa = PBXBuildFile; fileRef = C5DA3BCA263101C800751B4C /* CoraTechnicalValidationUITests.swift */; };
/* End PBXBuildFile section */

/* Begin PBXContainerItemProxy section */
		C5DA3BBC263101C800751B4C /* PBXContainerItemProxy */ = {
			isa = PBXContainerItemProxy;
			containerPortal = C5DA3B9D263101C700751B4C /* Project object */;
			proxyType = 1;
			remoteGlobalIDString = C5DA3BA4263101C700751B4C;
			remoteInfo = CoraTechnicalValidation;
		};
		C5DA3BC7263101C800751B4C /* PBXContainerItemProxy */ = {
			isa = PBXContainerItemProxy;
			containerPortal = C5DA3B9D263101C700751B4C /* Project object */;
			proxyType = 1;
			remoteGlobalIDString = C5DA3BA4263101C700751B4C;
			remoteInfo = CoraTechnicalValidation;
		};
/* End PBXContainerItemProxy section */

/* Begin PBXFileReference section */
		C5DA3BA5263101C700751B4C /* CoraTechnicalValidation.app */ = {isa = PBXFileReference; explicitFileType = wrapper.application; includeInIndex = 0; path = CoraTechnicalValidation.app; sourceTree = BUILT_PRODUCTS_DIR; };
		C5DA3BA8263101C700751B4C /* AppDelegate.swift */ = {isa = PBXFileReference; lastKnownFileType = sourcecode.swift; path = AppDelegate.swift; sourceTree = "<group>"; };
		C5DA3BAC263101C700751B4C /* ViewController.swift */ = {isa = PBXFileReference; lastKnownFileType = sourcecode.swift; path = ViewController.swift; sourceTree = "<group>"; };
		C5DA3BAF263101C700751B4C /* Base */ = {isa = PBXFileReference; lastKnownFileType = file.storyboard; name = Base; path = Base.lproj/Main.storyboard; sourceTree = "<group>"; };
		C5DA3BB1263101C800751B4C /* Assets.xcassets */ = {isa = PBXFileReference; lastKnownFileType = folder.assetcatalog; path = Assets.xcassets; sourceTree = "<group>"; };
		C5DA3BB4263101C800751B4C /* Base */ = {isa = PBXFileReference; lastKnownFileType = file.storyboard; name = Base; path = Base.lproj/LaunchScreen.storyboard; sourceTree = "<group>"; };
		C5DA3BB6263101C800751B4C /* Info.plist */ = {isa = PBXFileReference; lastKnownFileType = text.plist.xml; path = Info.plist; sourceTree = "<group>"; };
		C5DA3BBB263101C800751B4C /* CoraTechnicalValidationTests.xctest */ = {isa = PBXFileReference; explicitFileType = wrapper.cfbundle; includeInIndex = 0; path = CoraTechnicalValidationTests.xctest; sourceTree = BUILT_PRODUCTS_DIR; };
		C5DA3BBF263101C800751B4C /* CoraTechnicalValidationTests.swift */ = {isa = PBXFileReference; lastKnownFileType = sourcecode.swift; path = CoraTechnicalValidationTests.swift; sourceTree = "<group>"; };
		C5DA3BC1263101C800751B4C /* Info.plist */ = {isa = PBXFileReference; lastKnownFileType = text.plist.xml; path = Info.plist; sourceTree = "<group>"; };
		C5DA3BC6263101C800751B4C /* CoraTechnicalValidationUITests.xctest */ = {isa = PBXFileReference; explicitFileType = wrapper.cfbundle; includeInIndex = 0; path = CoraTechnicalValidationUITests.xctest; sourceTree = BUILT_PRODUCTS_DIR; };
		C5DA3BCA263101C800751B4C /* CoraTechnicalValidationUITests.swift */ = {isa = PBXFileReference; lastKnownFileType = sourcecode.swift; path = CoraTechnicalValidationUITests.swift; sourceTree = "<group>"; };
		C5DA3BCC263101C800751B4C /* Info.plist */ = {isa = PBXFileReference; lastKnownFileType = text.plist.xml; path = Info.plist; sourceTree = "<group>"; };
/* End PBXFileReference section */

/* Begin PBXFrameworksBuildPhase section */
		C5DA3BA2263101C700751B4C /* Frameworks */ = {
			isa = PBXFrameworksBuildPhase;
			buildActionMask = 2147483647;
			files = (
			);
			runOnlyForDeploymentPostprocessing = 0;
		};
		C5DA3BB8263101C800751B4C /* Frameworks */ = {
			isa = PBXFrameworksBuildPhase;
			buildActionMask = 2147483647;
			files = (
			);
			runOnlyForDeploymentPostprocessing = 0;
		};
		C5DA3BC3263101C800751B4C /* Frameworks */ = {
			isa = PBXFrameworksBuildPhase;
			buildActionMask = 2147483647;
			files = (
			);
			runOnlyForDeploymentPostprocessing = 0;
		};
/* End PBXFrameworksBuildPhase section */

/* Begin PBXGroup section */
		C5DA3B9C263101C700751B4C = {
			isa = PBXGroup;
			children = (
				C5DA3BA7263101C700751B4C /* CoraTechnicalValidation */,
				C5DA3BBE263101C800751B4C /* CoraTechnicalValidationTests */,
				C5DA3BC9263101C800751B4C /* CoraTechnicalValidationUITests */,
				C5DA3BA6263101C700751B4C /* Products */,
			);
			sourceTree = "<group>";
		};
		C5DA3BA6263101C700751B4C /* Products */ = {
			isa = PBXGroup;
			children = (
				C5DA3BA5263101C700751B4C /* CoraTechnicalValidation.app */,
				C5DA3BBB263101C800751B4C /* CoraTechnicalValidationTests.xctest */,
				C5DA3BC6263101C800751B4C /* CoraTechnicalValidationUITests.xctest */,
			);
			name = Products;
			sourceTree = "<group>";
		};
		C5DA3BA7263101C700751B4C /* CoraTechnicalValidation */ = {
			isa = PBXGroup;
			children = (
				C5DA3BDF2632406100751B4C /* Order */,
				C5DA3BDE2632403200751B4C /* Login */,
				C5DA3BA8263101C700751B4C /* AppDelegate.swift */,
				C5DA3BAC263101C700751B4C /* ViewController.swift */,
				C5DA3BAE263101C700751B4C /* Main.storyboard */,
				C5DA3BB1263101C800751B4C /* Assets.xcassets */,
				C5DA3BB3263101C800751B4C /* LaunchScreen.storyboard */,
				C5DA3BB6263101C800751B4C /* Info.plist */,
			);
			path = CoraTechnicalValidation;
			sourceTree = "<group>";
		};
		C5DA3BBE263101C800751B4C /* CoraTechnicalValidationTests */ = {
			isa = PBXGroup;
			children = (
				C5DA3BBF263101C800751B4C /* CoraTechnicalValidationTests.swift */,
				C5DA3BC1263101C800751B4C /* Info.plist */,
			);
			path = CoraTechnicalValidationTests;
			sourceTree = "<group>";
		};
		C5DA3BC9263101C800751B4C /* CoraTechnicalValidationUITests */ = {
			isa = PBXGroup;
			children = (
				C5DA3BCA263101C800751B4C /* CoraTechnicalValidationUITests.swift */,
				C5DA3BCC263101C800751B4C /* Info.plist */,
			);
			path = CoraTechnicalValidationUITests;
			sourceTree = "<group>";
		};
		C5DA3BDE2632403200751B4C /* Login */ = {
			isa = PBXGroup;
			children = (
				C5DA3BE5263240AE00751B4C /* View */,
				C5DA3BE4263240A900751B4C /* Service */,
				C5DA3BE3263240A100751B4C /* ViewModel */,
			);
			path = Login;
			sourceTree = "<group>";
		};
		C5DA3BDF2632406100751B4C /* Order */ = {
			isa = PBXGroup;
			children = (
				C5DA3BE22632409700751B4C /* ViewModel */,
				C5DA3BE12632409200751B4C /* Service */,
				C5DA3BE02632408C00751B4C /* View */,
			);
			path = Order;
			sourceTree = "<group>";
		};
		C5DA3BE02632408C00751B4C /* View */ = {
			isa = PBXGroup;
			children = (
			);
			path = View;
			sourceTree = "<group>";
		};
		C5DA3BE12632409200751B4C /* Service */ = {
			isa = PBXGroup;
			children = (
			);
			path = Service;
			sourceTree = "<group>";
		};
		C5DA3BE22632409700751B4C /* ViewModel */ = {
			isa = PBXGroup;
			children = (
			);
			path = ViewModel;
			sourceTree = "<group>";
		};
		C5DA3BE3263240A100751B4C /* ViewModel */ = {
			isa = PBXGroup;
			children = (
			);
			path = ViewModel;
			sourceTree = "<group>";
		};
		C5DA3BE4263240A900751B4C /* Service */ = {
			isa = PBXGroup;
			children = (
			);
			path = Service;
			sourceTree = "<group>";
		};
		C5DA3BE5263240AE00751B4C /* View */ = {
			isa = PBXGroup;
			children = (
			);
			path = View;
			sourceTree = "<group>";
		};
/* End PBXGroup section */

/* Begin PBXNativeTarget section */
		C5DA3BA4263101C700751B4C /* CoraTechnicalValidation */ = {
			isa = PBXNativeTarget;
			buildConfigurationList = C5DA3BCF263101C800751B4C /* Build configuration list for PBXNativeTarget "CoraTechnicalValidation" */;
			buildPhases = (
				C5DA3BA1263101C700751B4C /* Sources */,
				C5DA3BA2263101C700751B4C /* Frameworks */,
				C5DA3BA3263101C700751B4C /* Resources */,
			);
			buildRules = (
			);
			dependencies = (
			);
			name = CoraTechnicalValidation;
			productName = CoraTechnicalValidation;
			productReference = C5DA3BA5263101C700751B4C /* CoraTechnicalValidation.app */;
			productType = "com.apple.product-type.application";
		};
		C5DA3BBA263101C800751B4C /* CoraTechnicalValidationTests */ = {
			isa = PBXNativeTarget;
			buildConfigurationList = C5DA3BD2263101C800751B4C /* Build configuration list for PBXNativeTarget "CoraTechnicalValidationTests" */;
			buildPhases = (
				C5DA3BB7263101C800751B4C /* Sources */,
				C5DA3BB8263101C800751B4C /* Frameworks */,
				C5DA3BB9263101C800751B4C /* Resources */,
			);
			buildRules = (
			);
			dependencies = (
				C5DA3BBD263101C800751B4C /* PBXTargetDependency */,
			);
			name = CoraTechnicalValidationTests;
			productName = CoraTechnicalValidationTests;
			productReference = C5DA3BBB263101C800751B4C /* CoraTechnicalValidationTests.xctest */;
			productType = "com.apple.product-type.bundle.unit-test";
		};
		C5DA3BC5263101C800751B4C /* CoraTechnicalValidationUITests */ = {
			isa = PBXNativeTarget;
			buildConfigurationList = C5DA3BD5263101C800751B4C /* Build configuration list for PBXNativeTarget "CoraTechnicalValidationUITests" */;
			buildPhases = (
				C5DA3BC2263101C800751B4C /* Sources */,
				C5DA3BC3263101C800751B4C /* Frameworks */,
				C5DA3BC4263101C800751B4C /* Resources */,
			);
			buildRules = (
			);
			dependencies = (
				C5DA3BC8263101C800751B4C /* PBXTargetDependency */,
			);
			name = CoraTechnicalValidationUITests;
			productName = CoraTechnicalValidationUITests;
			productReference = C5DA3BC6263101C800751B4C /* CoraTechnicalValidationUITests.xctest */;
			productType = "com.apple.product-type.bundle.ui-testing";
		};
/* End PBXNativeTarget section */

/* Begin PBXProject section */
		C5DA3B9D263101C700751B4C /* Project object */ = {
			isa = PBXProject;
			attributes = {
				LastSwiftUpdateCheck = 1240;
				LastUpgradeCheck = 1240;
				TargetAttributes = {
					C5DA3BA4263101C700751B4C = {
						CreatedOnToolsVersion = 12.4;
					};
					C5DA3BBA263101C800751B4C = {
						CreatedOnToolsVersion = 12.4;
						TestTargetID = C5DA3BA4263101C700751B4C;
					};
					C5DA3BC5263101C800751B4C = {
						CreatedOnToolsVersion = 12.4;
						TestTargetID = C5DA3BA4263101C700751B4C;
					};
				};
			};
			buildConfigurationList = C5DA3BA0263101C700751B4C /* Build configuration list for PBXProject "CoraTechnicalValidation" */;
			compatibilityVersion = "Xcode 9.3";
			developmentRegion = en;
			hasScannedForEncodings = 0;
			knownRegions = (
				en,
				Base,
			);
			mainGroup = C5DA3B9C263101C700751B4C;
			productRefGroup = C5DA3BA6263101C700751B4C /* Products */;
			projectDirPath = "";
			projectRoot = "";
			targets = (
				C5DA3BA4263101C700751B4C /* CoraTechnicalValidation */,
				C5DA3BBA263101C800751B4C /* CoraTechnicalValidationTests */,
				C5DA3BC5263101C800751B4C /* CoraTechnicalValidationUITests */,
			);
		};
/* End PBXProject section */

/* Begin PBXResourcesBuildPhase section */
		C5DA3BA3263101C700751B4C /* Resources */ = {
			isa = PBXResourcesBuildPhase;
			buildActionMask = 2147483647;
			files = (
				C5DA3BB5263101C800751B4C /* LaunchScreen.storyboard in Resources */,
				C5DA3BB2263101C800751B4C /* Assets.xcassets in Resources */,
				C5DA3BB0263101C700751B4C /* Main.storyboard in Resources */,
			);
			runOnlyForDeploymentPostprocessing = 0;
		};
		C5DA3BB9263101C800751B4C /* Resources */ = {
			isa = PBXResourcesBuildPhase;
			buildActionMask = 2147483647;
			files = (
			);
			runOnlyForDeploymentPostprocessing = 0;
		};
		C5DA3BC4263101C800751B4C /* Resources */ = {
			isa = PBXResourcesBuildPhase;
			buildActionMask = 2147483647;
			files = (
			);
			runOnlyForDeploymentPostprocessing = 0;
		};
/* End PBXResourcesBuildPhase section */

/* Begin PBXSourcesBuildPhase section */
		C5DA3BA1263101C700751B4C /* Sources */ = {
			isa = PBXSourcesBuildPhase;
			buildActionMask = 2147483647;
			files = (
				C5DA3BAD263101C700751B4C /* ViewController.swift in Sources */,
				C5DA3BA9263101C700751B4C /* AppDelegate.swift in Sources */,
			);
			runOnlyForDeploymentPostprocessing = 0;
		};
		C5DA3BB7263101C800751B4C /* Sources */ = {
			isa = PBXSourcesBuildPhase;
			buildActionMask = 2147483647;
			files = (
				C5DA3BC0263101C800751B4C /* CoraTechnicalValidationTests.swift in Sources */,
			);
			runOnlyForDeploymentPostprocessing = 0;
		};
		C5DA3BC2263101C800751B4C /* Sources */ = {
			isa = PBXSourcesBuildPhase;
			buildActionMask = 2147483647;
			files = (
				C5DA3BCB263101C800751B4C /* CoraTechnicalValidationUITests.swift in Sources */,
			);
			runOnlyForDeploymentPostprocessing = 0;
		};
/* End PBXSourcesBuildPhase section */

/* Begin PBXTargetDependency section */
		C5DA3BBD263101C800751B4C /* PBXTargetDependency */ = {
			isa = PBXTargetDependency;
			target = C5DA3BA4263101C700751B4C /* CoraTechnicalValidation */;
			targetProxy = C5DA3BBC263101C800751B4C /* PBXContainerItemProxy */;
		};
		C5DA3BC8263101C800751B4C /* PBXTargetDependency */ = {
			isa = PBXTargetDependency;
			target = C5DA3BA4263101C700751B4C /* CoraTechnicalValidation */;
			targetProxy = C5DA3BC7263101C800751B4C /* PBXContainerItemProxy */;
		};
/* End PBXTargetDependency section */

/* Begin PBXVariantGroup section */
		C5DA3BAE263101C700751B4C /* Main.storyboard */ = {
			isa = PBXVariantGroup;
			children = (
				C5DA3BAF263101C700751B4C /* Base */,
			);
			name = Main.storyboard;
			sourceTree = "<group>";
		};
		C5DA3BB3263101C800751B4C /* LaunchScreen.storyboard */ = {
			isa = PBXVariantGroup;
			children = (
				C5DA3BB4263101C800751B4C /* Base */,
			);
			name = LaunchScreen.storyboard;
			sourceTree = "<group>";
		};
/* End PBXVariantGroup section */

/* Begin XCBuildConfiguration section */
		C5DA3BCD263101C800751B4C /* Debug */ = {
			isa = XCBuildConfiguration;
			buildSettings = {
				ALWAYS_SEARCH_USER_PATHS = NO;
				CLANG_ANALYZER_NONNULL = YES;
				CLANG_ANALYZER_NUMBER_OBJECT_CONVERSION = YES_AGGRESSIVE;
				CLANG_CXX_LANGUAGE_STANDARD = "gnu++14";
				CLANG_CXX_LIBRARY = "libc++";
				CLANG_ENABLE_MODULES = YES;
				CLANG_ENABLE_OBJC_ARC = YES;
				CLANG_ENABLE_OBJC_WEAK = YES;
				CLANG_WARN_BLOCK_CAPTURE_AUTORELEASING = YES;
				CLANG_WARN_BOOL_CONVERSION = YES;
				CLANG_WARN_COMMA = YES;
				CLANG_WARN_CONSTANT_CONVERSION = YES;
				CLANG_WARN_DEPRECATED_OBJC_IMPLEMENTATIONS = YES;
				CLANG_WARN_DIRECT_OBJC_ISA_USAGE = YES_ERROR;
				CLANG_WARN_DOCUMENTATION_COMMENTS = YES;
				CLANG_WARN_EMPTY_BODY = YES;
				CLANG_WARN_ENUM_CONVERSION = YES;
				CLANG_WARN_INFINITE_RECURSION = YES;
				CLANG_WARN_INT_CONVERSION = YES;
				CLANG_WARN_NON_LITERAL_NULL_CONVERSION = YES;
				CLANG_WARN_OBJC_IMPLICIT_RETAIN_SELF = YES;
				CLANG_WARN_OBJC_LITERAL_CONVERSION = YES;
				CLANG_WARN_OBJC_ROOT_CLASS = YES_ERROR;
				CLANG_WARN_QUOTED_INCLUDE_IN_FRAMEWORK_HEADER = YES;
				CLANG_WARN_RANGE_LOOP_ANALYSIS = YES;
				CLANG_WARN_STRICT_PROTOTYPES = YES;
				CLANG_WARN_SUSPICIOUS_MOVE = YES;
				CLANG_WARN_UNGUARDED_AVAILABILITY = YES_AGGRESSIVE;
				CLANG_WARN_UNREACHABLE_CODE = YES;
				CLANG_WARN__DUPLICATE_METHOD_MATCH = YES;
				COPY_PHASE_STRIP = NO;
				DEBUG_INFORMATION_FORMAT = dwarf;
				ENABLE_STRICT_OBJC_MSGSEND = YES;
				ENABLE_TESTABILITY = YES;
				GCC_C_LANGUAGE_STANDARD = gnu11;
				GCC_DYNAMIC_NO_PIC = NO;
				GCC_NO_COMMON_BLOCKS = YES;
				GCC_OPTIMIZATION_LEVEL = 0;
				GCC_PREPROCESSOR_DEFINITIONS = (
					"DEBUG=1",
					"$(inherited)",
				);
				GCC_WARN_64_TO_32_BIT_CONVERSION = YES;
				GCC_WARN_ABOUT_RETURN_TYPE = YES_ERROR;
				GCC_WARN_UNDECLARED_SELECTOR = YES;
				GCC_WARN_UNINITIALIZED_AUTOS = YES_AGGRESSIVE;
				GCC_WARN_UNUSED_FUNCTION = YES;
				GCC_WARN_UNUSED_VARIABLE = YES;
				IPHONEOS_DEPLOYMENT_TARGET = 14.4;
				MTL_ENABLE_DEBUG_INFO = INCLUDE_SOURCE;
				MTL_FAST_MATH = YES;
				ONLY_ACTIVE_ARCH = YES;
				SDKROOT = iphoneos;
				SWIFT_ACTIVE_COMPILATION_CONDITIONS = DEBUG;
				SWIFT_OPTIMIZATION_LEVEL = "-Onone";
			};
			name = Debug;
		};
		C5DA3BCE263101C800751B4C /* Release */ = {
			isa = XCBuildConfiguration;
			buildSettings = {
				ALWAYS_SEARCH_USER_PATHS = NO;
				CLANG_ANALYZER_NONNULL = YES;
				CLANG_ANALYZER_NUMBER_OBJECT_CONVERSION = YES_AGGRESSIVE;
				CLANG_CXX_LANGUAGE_STANDARD = "gnu++14";
				CLANG_CXX_LIBRARY = "libc++";
				CLANG_ENABLE_MODULES = YES;
				CLANG_ENABLE_OBJC_ARC = YES;
				CLANG_ENABLE_OBJC_WEAK = YES;
				CLANG_WARN_BLOCK_CAPTURE_AUTORELEASING = YES;
				CLANG_WARN_BOOL_CONVERSION = YES;
				CLANG_WARN_COMMA = YES;
				CLANG_WARN_CONSTANT_CONVERSION = YES;
				CLANG_WARN_DEPRECATED_OBJC_IMPLEMENTATIONS = YES;
				CLANG_WARN_DIRECT_OBJC_ISA_USAGE = YES_ERROR;
				CLANG_WARN_DOCUMENTATION_COMMENTS = YES;
				CLANG_WARN_EMPTY_BODY = YES;
				CLANG_WARN_ENUM_CONVERSION = YES;
				CLANG_WARN_INFINITE_RECURSION = YES;
				CLANG_WARN_INT_CONVERSION = YES;
				CLANG_WARN_NON_LITERAL_NULL_CONVERSION = YES;
				CLANG_WARN_OBJC_IMPLICIT_RETAIN_SELF = YES;
				CLANG_WARN_OBJC_LITERAL_CONVERSION = YES;
				CLANG_WARN_OBJC_ROOT_CLASS = YES_ERROR;
				CLANG_WARN_QUOTED_INCLUDE_IN_FRAMEWORK_HEADER = YES;
				CLANG_WARN_RANGE_LOOP_ANALYSIS = YES;
				CLANG_WARN_STRICT_PROTOTYPES = YES;
				CLANG_WARN_SUSPICIOUS_MOVE = YES;
				CLANG_WARN_UNGUARDED_AVAILABILITY = YES_AGGRESSIVE;
				CLANG_WARN_UNREACHABLE_CODE = YES;
				CLANG_WARN__DUPLICATE_METHOD_MATCH = YES;
				COPY_PHASE_STRIP = NO;
				DEBUG_INFORMATION_FORMAT = "dwarf-with-dsym";
				ENABLE_NS_ASSERTIONS = NO;
				ENABLE_STRICT_OBJC_MSGSEND = YES;
				GCC_C_LANGUAGE_STANDARD = gnu11;
				GCC_NO_COMMON_BLOCKS = YES;
				GCC_WARN_64_TO_32_BIT_CONVERSION = YES;
				GCC_WARN_ABOUT_RETURN_TYPE = YES_ERROR;
				GCC_WARN_UNDECLARED_SELECTOR = YES;
				GCC_WARN_UNINITIALIZED_AUTOS = YES_AGGRESSIVE;
				GCC_WARN_UNUSED_FUNCTION = YES;
				GCC_WARN_UNUSED_VARIABLE = YES;
				IPHONEOS_DEPLOYMENT_TARGET = 14.4;
				MTL_ENABLE_DEBUG_INFO = NO;
				MTL_FAST_MATH = YES;
				SDKROOT = iphoneos;
				SWIFT_COMPILATION_MODE = wholemodule;
				SWIFT_OPTIMIZATION_LEVEL = "-O";
				VALIDATE_PRODUCT = YES;
			};
			name = Release;
		};
		C5DA3BD0263101C800751B4C /* Debug */ = {
			isa = XCBuildConfiguration;
			buildSettings = {
				ASSETCATALOG_COMPILER_APPICON_NAME = AppIcon;
				ASSETCATALOG_COMPILER_GLOBAL_ACCENT_COLOR_NAME = AccentColor;
				CODE_SIGN_STYLE = Automatic;
				INFOPLIST_FILE = CoraTechnicalValidation/Info.plist;
				LD_RUNPATH_SEARCH_PATHS = (
					"$(inherited)",
					"@executable_path/Frameworks",
				);
				PRODUCT_BUNDLE_IDENTIFIER = com.cora.validacao.tecnica.joao.victor.CoraTechnicalValidation;
				PRODUCT_NAME = "$(TARGET_NAME)";
				SWIFT_VERSION = 5.0;
				TARGETED_DEVICE_FAMILY = "1,2";
			};
			name = Debug;
		};
		C5DA3BD1263101C800751B4C /* Release */ = {
			isa = XCBuildConfiguration;
			buildSettings = {
				ASSETCATALOG_COMPILER_APPICON_NAME = AppIcon;
				ASSETCATALOG_COMPILER_GLOBAL_ACCENT_COLOR_NAME = AccentColor;
				CODE_SIGN_STYLE = Automatic;
				INFOPLIST_FILE = CoraTechnicalValidation/Info.plist;
				LD_RUNPATH_SEARCH_PATHS = (
					"$(inherited)",
					"@executable_path/Frameworks",
				);
				PRODUCT_BUNDLE_IDENTIFIER = com.cora.validacao.tecnica.joao.victor.CoraTechnicalValidation;
				PRODUCT_NAME = "$(TARGET_NAME)";
				SWIFT_VERSION = 5.0;
				TARGETED_DEVICE_FAMILY = "1,2";
			};
			name = Release;
		};
		C5DA3BD3263101C800751B4C /* Debug */ = {
			isa = XCBuildConfiguration;
			buildSettings = {
				ALWAYS_EMBED_SWIFT_STANDARD_LIBRARIES = YES;
				BUNDLE_LOADER = "$(TEST_HOST)";
				CODE_SIGN_STYLE = Automatic;
				INFOPLIST_FILE = CoraTechnicalValidationTests/Info.plist;
				IPHONEOS_DEPLOYMENT_TARGET = 14.4;
				LD_RUNPATH_SEARCH_PATHS = (
					"$(inherited)",
					"@executable_path/Frameworks",
					"@loader_path/Frameworks",
				);
				PRODUCT_BUNDLE_IDENTIFIER = com.cora.validacao.tecnica.joao.victor.CoraTechnicalValidationTests;
				PRODUCT_NAME = "$(TARGET_NAME)";
				SWIFT_VERSION = 5.0;
				TARGETED_DEVICE_FAMILY = "1,2";
				TEST_HOST = "$(BUILT_PRODUCTS_DIR)/CoraTechnicalValidation.app/CoraTechnicalValidation";
			};
			name = Debug;
		};
		C5DA3BD4263101C800751B4C /* Release */ = {
			isa = XCBuildConfiguration;
			buildSettings = {
				ALWAYS_EMBED_SWIFT_STANDARD_LIBRARIES = YES;
				BUNDLE_LOADER = "$(TEST_HOST)";
				CODE_SIGN_STYLE = Automatic;
				INFOPLIST_FILE = CoraTechnicalValidationTests/Info.plist;
				IPHONEOS_DEPLOYMENT_TARGET = 14.4;
				LD_RUNPATH_SEARCH_PATHS = (
					"$(inherited)",
					"@executable_path/Frameworks",
					"@loader_path/Frameworks",
				);
				PRODUCT_BUNDLE_IDENTIFIER = com.cora.validacao.tecnica.joao.victor.CoraTechnicalValidationTests;
				PRODUCT_NAME = "$(TARGET_NAME)";
				SWIFT_VERSION = 5.0;
				TARGETED_DEVICE_FAMILY = "1,2";
				TEST_HOST = "$(BUILT_PRODUCTS_DIR)/CoraTechnicalValidation.app/CoraTechnicalValidation";
			};
			name = Release;
		};
		C5DA3BD6263101C800751B4C /* Debug */ = {
			isa = XCBuildConfiguration;
			buildSettings = {
				ALWAYS_EMBED_SWIFT_STANDARD_LIBRARIES = YES;
				CODE_SIGN_STYLE = Automatic;
				INFOPLIST_FILE = CoraTechnicalValidationUITests/Info.plist;
				LD_RUNPATH_SEARCH_PATHS = (
					"$(inherited)",
					"@executable_path/Frameworks",
					"@loader_path/Frameworks",
				);
				PRODUCT_BUNDLE_IDENTIFIER = com.cora.validacao.tecnica.joao.victor.CoraTechnicalValidationUITests;
				PRODUCT_NAME = "$(TARGET_NAME)";
				SWIFT_VERSION = 5.0;
				TARGETED_DEVICE_FAMILY = "1,2";
				TEST_TARGET_NAME = CoraTechnicalValidation;
			};
			name = Debug;
		};
		C5DA3BD7263101C800751B4C /* Release */ = {
			isa = XCBuildConfiguration;
			buildSettings = {
				ALWAYS_EMBED_SWIFT_STANDARD_LIBRARIES = YES;
				CODE_SIGN_STYLE = Automatic;
				INFOPLIST_FILE = CoraTechnicalValidationUITests/Info.plist;
				LD_RUNPATH_SEARCH_PATHS = (
					"$(inherited)",
					"@executable_path/Frameworks",
					"@loader_path/Frameworks",
				);
				PRODUCT_BUNDLE_IDENTIFIER = com.cora.validacao.tecnica.joao.victor.CoraTechnicalValidationUITests;
				PRODUCT_NAME = "$(TARGET_NAME)";
				SWIFT_VERSION = 5.0;
				TARGETED_DEVICE_FAMILY = "1,2";
				TEST_TARGET_NAME = CoraTechnicalValidation;
			};
			name = Release;
		};
/* End XCBuildConfiguration section */

/* Begin XCConfigurationList section */
		C5DA3BA0263101C700751B4C /* Build configuration list for PBXProject "CoraTechnicalValidation" */ = {
			isa = XCConfigurationList;
			buildConfigurations = (
				C5DA3BCD263101C800751B4C /* Debug */,
				C5DA3BCE263101C800751B4C /* Release */,
			);
			defaultConfigurationIsVisible = 0;
			defaultConfigurationName = Release;
		};
		C5DA3BCF263101C800751B4C /* Build configuration list for PBXNativeTarget "CoraTechnicalValidation" */ = {
			isa = XCConfigurationList;
			buildConfigurations = (
				C5DA3BD0263101C800751B4C /* Debug */,
				C5DA3BD1263101C800751B4C /* Release */,
			);
			defaultConfigurationIsVisible = 0;
			defaultConfigurationName = Release;
		};
		C5DA3BD2263101C800751B4C /* Build configuration list for PBXNativeTarget "CoraTechnicalValidationTests" */ = {
			isa = XCConfigurationList;
			buildConfigurations = (
				C5DA3BD3263101C800751B4C /* Debug */,
				C5DA3BD4263101C800751B4C /* Release */,
			);
			defaultConfigurationIsVisible = 0;
			defaultConfigurationName = Release;
		};
		C5DA3BD5263101C800751B4C /* Build configuration list for PBXNativeTarget "CoraTechnicalValidationUITests" */ = {
			isa = XCConfigurationList;
			buildConfigurations = (
				C5DA3BD6263101C800751B4C /* Debug */,
				C5DA3BD7263101C800751B4C /* Release */,
			);
			defaultConfigurationIsVisible = 0;
			defaultConfigurationName = Release;
		};
/* End XCConfigurationList section */
	};
	rootObject = C5DA3B9D263101C700751B4C /* Project object */;
}
